<?xml version="1.0" encoding="utf-8"?>
<Project ToolsVersion="4.0" xmlns="http://schemas.microsoft.com/developer/msbuild/2003">
  <ItemGroup>
    <Filter Include="Source Files">
      <UniqueIdentifier>{4FC737F1-C7A5-4376-A066-2A32D752A2FF}</UniqueIdentifier>
      <Extensions>qml;cpp;c;cc;cxx;def;odl;idl;hpj;bat;asm;asmx</Extensions>
    </Filter>
    <Filter Include="Header Files">
      <UniqueIdentifier>{93995380-89BD-4b04-88EB-625FBE52EBFB}</UniqueIdentifier>
      <Extensions>h;hh;hpp;hxx;hm;inl;inc;xsd</Extensions>
    </Filter>
    <Filter Include="Resource Files">
      <UniqueIdentifier>{67DA6AB6-F800-4c08-8B7A-83BB121AAD01}</UniqueIdentifier>
      <Extensions>qrc;rc;ico;cur;bmp;dlg;rc2;rct;bin;rgs;gif;jpg;jpeg;jpe;resx;tiff;tif;png;wav;mfcribbon-ms</Extensions>
    </Filter>
    <Filter Include="Form Files">
      <UniqueIdentifier>{99349809-55BA-4b9d-BF79-8FDBB0286EB3}</UniqueIdentifier>
      <Extensions>ui</Extensions>
    </Filter>
    <Filter Include="Translation Files">
      <UniqueIdentifier>{639EADAA-A684-42e4-A9AD-28FC9BCB8F7C}</UniqueIdentifier>
      <Extensions>ts</Extensions>
    </Filter>
    <Filter Include="Pro_h">
      <UniqueIdentifier>{4ad5279c-2b1e-4226-a31d-79d1fb60638b}</UniqueIdentifier>
    </Filter>
    <Filter Include="Pro_cpp">
      <UniqueIdentifier>{73ebe7dd-cecc-4edf-80c0-3d17ed72fe91}</UniqueIdentifier>
    </Filter>
    <Filter Include="Python_script">
      <UniqueIdentifier>{e5c167e2-baca-4287-814e-602f2e689519}</UniqueIdentifier>
    </Filter>
  </ItemGroup>
  <ItemGroup>
    <QtRcc Include="Pro_Seis_WASW.qrc">
      <Filter>Resource Files</Filter>
    </QtRcc>
    <QtUic Include="Pro_Seis_WASW.ui">
      <Filter>Form Files</Filter>
    </QtUic>
    <QtMoc Include="Pro_Seis_WASW.h">
      <Filter>Header Files</Filter>
    </QtMoc>
    <ClCompile Include="Pro_Seis_WASW.cpp">
      <Filter>Source Files</Filter>
    </ClCompile>
  </ItemGroup>
  <ItemGroup>
    <ClCompile Include="main.cpp">
      <Filter>Source Files</Filter>
    </ClCompile>
    <ClCompile Include="qcustomplot.cpp">
      <Filter>Source Files</Filter>
    </ClCompile>
    <ClCompile Include="Pro_cpp\SeismicIO.cpp">
      <Filter>Pro_cpp</Filter>
    </ClCompile>
    <ClCompile Include="Pro_cpp\SeismicView2D.cpp">
      <Filter>Pro_cpp</Filter>
    </ClCompile>
    <ClCompile Include="Pro_cpp\QCPSeismicWiggle.cpp">
      <Filter>Pro_cpp</Filter>
    </ClCompile>
    <ClCompile Include="Pro_cpp\Plot1D.cpp">
      <Filter>Pro_cpp</Filter>
    </ClCompile>
    <ClCompile Include="Pro_cpp\SignalProcessingUtils.cpp">
      <Filter>Pro_cpp</Filter>
    </ClCompile>
    <ClCompile Include="Pro_cpp\RayleighForwardSolver.cpp">
      <Filter>Pro_cpp</Filter>
    </ClCompile>
  </ItemGroup>
  <ItemGroup>
    <QtMoc Include="qcustomplot.h">
      <Filter>Header Files</Filter>
    </QtMoc>
    <QtMoc Include="Pro_h\QCPSeismicWiggle.h">
      <Filter>Pro_h</Filter>
    </QtMoc>
    <QtMoc Include="Pro_h\Plot1D.h">
      <Filter>Pro_h</Filter>
    </QtMoc>
  </ItemGroup>
  <ItemGroup>
    <ClInclude Include="style.h">
      <Filter>Header Files</Filter>
    </ClInclude>
    <ClInclude Include="Pro_h\SeismicIO.h">
      <Filter>Pro_h</Filter>
    </ClInclude>
    <ClInclude Include="Pro_h\SeismicView2D.h">
      <Filter>Pro_h</Filter>
    </ClInclude>
    <ClInclude Include="Pro_h\SignalProcessingUtils.h">
      <Filter>Pro_h</Filter>
    </ClInclude>
    <ClInclude Include="Pro_h\RayleighForwardSolver.h">
      <Filter>Pro_h</Filter>
    </ClInclude>
  </ItemGroup>
  <ItemGroup>
    <None Include="Python_script\01_plot_seismic_gather.py">
      <Filter>Python_script</Filter>
    </None>
    <None Include="Python_script\02_plot_dispersion_map.py">
      <Filter>Python_script</Filter>
    </None>
  </ItemGroup>
</Project>